
Microsoft Visual Studio Solution File, Format Version 12.00
# Visual Studio Version 16
VisualStudioVersion = 16.0.30204.135
MinimumVisualStudioVersion = 10.0.40219.1
Project("{8BC9CEB8-8B4A-11D0-8D11-00A0C91BC942}") = "Plane_War", "Plane_War\Plane_War.vcxproj", "{3B9CB8B4-66E3-470B-953C-ED092F74EC07}"
EndProject
Global
	GlobalSection(SolutionConfigurationPlatforms) = preSolution
		Debug|x64 = Debug|x64
		Debug|x86 = Debug|x86
		Release|x64 = Release|x64
		Release|x86 = Release|x86
	EndGlobalSection
	GlobalSection(ProjectConfigurationPlatforms) = postSolution
		{3B9CB8B4-66E3-470B-953C-ED092F74EC07}.Debug|x64.ActiveCfg = Debug|x64
		{3B9CB8B4-66E3-470B-953C-ED092F74EC07}.Debug|x64.Build.0 = Debug|x64
		{3B9CB8B4-66E3-470B-953C-ED092F74EC07}.Debug|x86.ActiveCfg = Debug|Win32
		{3B9CB8B4-66E3-470B-953C-ED092F74EC07}.Debug|x86.Build.0 = Debug|Win32
		{3B9CB8B4-66E3-470B-953C-ED092F74EC07}.Release|x64.ActiveCfg = Release|x64
		{3B9CB8B4-66E3-470B-953C-ED092F74EC07}.Release|x64.Build.0 = Release|x64
		{3B9CB8B4-66E3-470B-953C-ED092F74EC07}.Release|x86.ActiveCfg = Release|Win32
		{3B9CB8B4-66E3-470B-953C-ED092F74EC07}.Release|x86.Build.0 = Release|Win32
	EndGlobalSection
	GlobalSection(SolutionProperties) = preSolution
		HideSolutionNode = FALSE
	EndGlobalSection
	GlobalSection(ExtensibilityGlobals) = postSolution
		SolutionGuid = {3A8902EF-FBB5-4A6F-A419-9A5B186DCF26}
	EndGlobalSection
EndGlobal
